
Microsoft Visual Studio Solution File, Format Version 12.00
# Visual Studio Version 16
VisualStudioVersion = 16.0.30621.155
MinimumVisualStudioVersion = 10.0.40219.1
Project("{FAE04EC0-301F-11D3-BF4B-00C04F79EFBC}") = "ASCII_Chess_II", "ASCII_Chess_II.csproj", "{A05708A5-ADE2-449E-AEAE-72EA0D479E56}"
EndProject
Global
	GlobalSection(SolutionConfigurationPlatforms) = preSolution
		Debug|Any CPU = Debug|Any CPU
		Release|Any CPU = Release|Any CPU
	EndGlobalSection
	GlobalSection(ProjectConfigurationPlatforms) = postSolution
		{A05708A5-ADE2-449E-AEAE-72EA0D479E56}.Debug|Any CPU.ActiveCfg = Debug|Any CPU
		{A05708A5-ADE2-449E-AEAE-72EA0D479E56}.Debug|Any CPU.Build.0 = Debug|Any CPU
		{A05708A5-ADE2-449E-AEAE-72EA0D479E56}.Release|Any CPU.ActiveCfg = Release|Any CPU
		{A05708A5-ADE2-449E-AEAE-72EA0D479E56}.Release|Any CPU.Build.0 = Release|Any CPU
	EndGlobalSection
	GlobalSection(SolutionProperties) = preSolution
		HideSolutionNode = FALSE
	EndGlobalSection
	GlobalSection(ExtensibilityGlobals) = postSolution
		SolutionGuid = {29BCF5EC-96C2-4E0D-9D34-A3BD1D1567E9}
	EndGlobalSection
EndGlobal
